PODS:
  - Differentiator (3.0.2)
  - R.swift (5.0.0.alpha.1):
    - R.swift.Library (~> 5.0.0.alpha.1)
  - R.swift.Library (5.0.0.alpha.1)
  - RxCocoa (4.2.0):
    - RxSwift (~> 4.0)
  - RxDataSources (3.0.2):
    - Differentiator (~> 3.0)
    - RxCocoa (~> 4.0)
    - RxSwift (~> 4.0)
  - RxSwift (4.2.0)
  - SnapKit (4.0.0)

DEPENDENCIES:
  - R.swift (~> 5.0.0.alpha.1)
  - RxCocoa (~> 4.2.0)
  - RxDataSources (~> 3.0.2)
  - RxSwift (~> 4.2.0)
  - SnapKit (~> 4.0.0)

SPEC REPOS:
  https://github.com/cocoapods/specs.git:
    - Differentiator
    - R.swift
    - R.swift.Library
    - RxCocoa
    - RxDataSources
    - RxSwift
    - SnapKit

SPEC CHECKSUMS:
  Differentiator: a87be69eba49ec4ab460c7671143ee3a9eececfd
  R.swift: 4fe17ab7e97da3942cf907235d07b6c320e23202
  R.swift.Library: 50421682fe36726a830ad2b727c5362b8959cc1e
  RxCocoa: 0b54909c902e1e581212a03e690bbd94032d8baa
  RxDataSources: cb7c31e652a87ebb919da45f716bbb87b3765f6b
  RxSwift: 99e10317ddfcc7fbe01356aafd118fde4a0be104
  SnapKit: a42d492c16e80209130a3379f73596c3454b7694

PODFILE CHECKSUM: 0b00d12d8e4d3e69ed5905a0d714824b9a248756

COCOAPODS: 1.5.3
